
Microsoft Visual Studio Solution File, Format Version 12.00
# Visual Studio Version 16
VisualStudioVersion = 16.0.30011.22
MinimumVisualStudioVersion = 10.0.40219.1
Project("{9A19103F-16F7-4668-BE54-9A1E7A4F7556}") = "OdeToFood", "OdeToFood\OdeToFood.csproj", "{E43E6698-41B1-4A7A-A719-E28BAA058F5E}"
EndProject
Project("{9A19103F-16F7-4668-BE54-9A1E7A4F7556}") = "OdeToFood.Core", "OdeToFood.Core\OdeToFood.Core.csproj", "{60DF730B-1245-4DB2-BF2D-5A3640B98EC4}"
EndProject
Global
	GlobalSection(SolutionConfigurationPlatforms) = preSolution
		Debug|Any CPU = Debug|Any CPU
		Release|Any CPU = Release|Any CPU
	EndGlobalSection
	GlobalSection(ProjectConfigurationPlatforms) = postSolution
		{E43E6698-41B1-4A7A-A719-E28BAA058F5E}.Debug|Any CPU.ActiveCfg = Debug|Any CPU
		{E43E6698-41B1-4A7A-A719-E28BAA058F5E}.Debug|Any CPU.Build.0 = Debug|Any CPU
		{E43E6698-41B1-4A7A-A719-E28BAA058F5E}.Release|Any CPU.ActiveCfg = Release|Any CPU
		{E43E6698-41B1-4A7A-A719-E28BAA058F5E}.Release|Any CPU.Build.0 = Release|Any CPU
		{60DF730B-1245-4DB2-BF2D-5A3640B98EC4}.Debug|Any CPU.ActiveCfg = Debug|Any CPU
		{60DF730B-1245-4DB2-BF2D-5A3640B98EC4}.Debug|Any CPU.Build.0 = Debug|Any CPU
		{60DF730B-1245-4DB2-BF2D-5A3640B98EC4}.Release|Any CPU.ActiveCfg = Release|Any CPU
		{60DF730B-1245-4DB2-BF2D-5A3640B98EC4}.Release|Any CPU.Build.0 = Release|Any CPU
	EndGlobalSection
	GlobalSection(SolutionProperties) = preSolution
		HideSolutionNode = FALSE
	EndGlobalSection
	GlobalSection(ExtensibilityGlobals) = postSolution
		SolutionGuid = {40FA4AC2-AE8F-4630-A1BA-899C5A75611A}
	EndGlobalSection
EndGlobal
